
Microsoft Visual Studio Solution File, Format Version 12.00
# Visual Studio Version 16
VisualStudioVersion = 25.0.1703.8
MinimumVisualStudioVersion = 10.0.40219.1
Project("{FAE04EC0-301F-11D3-BF4B-00C04F79EFBC}") = "BookStore", "BookStore\BookStore.csproj", "{42326E39-6B95-45A5-AB3B-A296466404E3}"
EndProject
Global
	GlobalSection(SolutionConfigurationPlatforms) = preSolution
		Debug|Any CPU = Debug|Any CPU
		Release|Any CPU = Release|Any CPU
	EndGlobalSection
	GlobalSection(ProjectConfigurationPlatforms) = postSolution
		{42326E39-6B95-45A5-AB3B-A296466404E3}.Debug|Any CPU.ActiveCfg = Debug|Any CPU
		{42326E39-6B95-45A5-AB3B-A296466404E3}.Debug|Any CPU.Build.0 = Debug|Any CPU
		{42326E39-6B95-45A5-AB3B-A296466404E3}.Release|Any CPU.ActiveCfg = Release|Any CPU
		{42326E39-6B95-45A5-AB3B-A296466404E3}.Release|Any CPU.Build.0 = Release|Any CPU
	EndGlobalSection
	GlobalSection(SolutionProperties) = preSolution
		HideSolutionNode = FALSE
	EndGlobalSection
	GlobalSection(ExtensibilityGlobals) = postSolution
		SolutionGuid = {4DFD912B-53A6-4AF2-AD0B-923BBFCF0862}
	EndGlobalSection
EndGlobal
